{
  "nodes": {
    "devshell": {
      "locked": {
        "dir": "lib",
        "lastModified": 1755673398,
        "narHash": "sha256-51MmR+Eo1+bKDd/Ss77wwTqi4yAR2xgmyCSEbKWSpj0=",
        "owner": "rensa-nix",
        "repo": "devshell",
        "rev": "e76bef387e8a4574f9b6d37b1a424e706491af08",
        "type": "gitlab"
      },
      "original": {
        "dir": "lib",
        "owner": "rensa-nix",
        "repo": "devshell",
        "type": "gitlab"
      }
    },
    "nixmkdocs": {
      "locked": {
        "dir": "lib",
        "lastModified": 1755785622,
        "narHash": "sha256-xBb9PCkszmrWSEqUiPC7oBJABm1thF572S5QHtloZ+M=",
        "owner": "TECHNOFAB",
        "repo": "nixmkdocs",
        "rev": "61da605a9bff12f66c4b743f43aea59ca200f533",
        "type": "gitlab"
      },
      "original": {
        "dir": "lib",
        "owner": "TECHNOFAB",
        "repo": "nixmkdocs",
        "type": "gitlab"
      }
    },
    "root": {
      "inputs": {
        "devshell": "devshell",
        "nixmkdocs": "nixmkdocs"
      }
    }
  },
  "root": "root",
  "version": 7
}
